
Microsoft Visual Studio Solution File, Format Version 12.00
# Visual Studio Version 17
VisualStudioVersion = 17.4.33122.133
MinimumVisualStudioVersion = 10.0.40219.1
Project("{FAE04EC0-301F-11D3-BF4B-00C04F79EFBC}") = "Lesson5.HomeWork34", "Lesson5.HomeWork34\Lesson5.HomeWork34.csproj", "{AA59DC30-832F-4460-8455-6B643886C73E}"
EndProject
Project("{FAE04EC0-301F-11D3-BF4B-00C04F79EFBC}") = "Lesson5.HomeWork36", "Lesson5.HomeWork36\Lesson5.HomeWork36.csproj", "{DE4C3A7C-568D-436D-B4B1-9CE142EB0EF7}"
EndProject
Project("{FAE04EC0-301F-11D3-BF4B-00C04F79EFBC}") = "Lesson5.HomeWork38", "Lesson5.HomeWork38\Lesson5.HomeWork38.csproj", "{AA78C06C-E1D3-4377-84FA-911928879882}"
EndProject
Global
	GlobalSection(SolutionConfigurationPlatforms) = preSolution
		Debug|Any CPU = Debug|Any CPU
		Release|Any CPU = Release|Any CPU
	EndGlobalSection
	GlobalSection(ProjectConfigurationPlatforms) = postSolution
		{AA59DC30-832F-4460-8455-6B643886C73E}.Debug|Any CPU.ActiveCfg = Debug|Any CPU
		{AA59DC30-832F-4460-8455-6B643886C73E}.Debug|Any CPU.Build.0 = Debug|Any CPU
		{AA59DC30-832F-4460-8455-6B643886C73E}.Release|Any CPU.ActiveCfg = Release|Any CPU
		{AA59DC30-832F-4460-8455-6B643886C73E}.Release|Any CPU.Build.0 = Release|Any CPU
		{DE4C3A7C-568D-436D-B4B1-9CE142EB0EF7}.Debug|Any CPU.ActiveCfg = Debug|Any CPU
		{DE4C3A7C-568D-436D-B4B1-9CE142EB0EF7}.Debug|Any CPU.Build.0 = Debug|Any CPU
		{DE4C3A7C-568D-436D-B4B1-9CE142EB0EF7}.Release|Any CPU.ActiveCfg = Release|Any CPU
		{DE4C3A7C-568D-436D-B4B1-9CE142EB0EF7}.Release|Any CPU.Build.0 = Release|Any CPU
		{AA78C06C-E1D3-4377-84FA-911928879882}.Debug|Any CPU.ActiveCfg = Debug|Any CPU
		{AA78C06C-E1D3-4377-84FA-911928879882}.Debug|Any CPU.Build.0 = Debug|Any CPU
		{AA78C06C-E1D3-4377-84FA-911928879882}.Release|Any CPU.ActiveCfg = Release|Any CPU
		{AA78C06C-E1D3-4377-84FA-911928879882}.Release|Any CPU.Build.0 = Release|Any CPU
	EndGlobalSection
	GlobalSection(SolutionProperties) = preSolution
		HideSolutionNode = FALSE
	EndGlobalSection
	GlobalSection(ExtensibilityGlobals) = postSolution
		SolutionGuid = {F8930C95-C873-484D-8BDF-C1932A52FE47}
	EndGlobalSection
EndGlobal
