
Microsoft Visual Studio Solution File, Format Version 12.00
# Visual Studio Version 17
VisualStudioVersion = 17.4.33122.133
MinimumVisualStudioVersion = 10.0.40219.1
Project("{9A19103F-16F7-4668-BE54-9A1E7A4F7556}") = "Lesson5.HomeWork34", "Lesson5.HomeWork34\Lesson5.HomeWork34.csproj", "{AA59DC30-832F-4460-8455-6B643886C73E}"
EndProject
Project("{9A19103F-16F7-4668-BE54-9A1E7A4F7556}") = "Lesson5.HomeWork36", "Lesson5.HomeWork36\Lesson5.HomeWork36.csproj", "{DE4C3A7C-568D-436D-B4B1-9CE142EB0EF7}"
EndProject
Project("{9A19103F-16F7-4668-BE54-9A1E7A4F7556}") = "Lesson5.HomeWork38", "Lesson5.HomeWork38\Lesson5.HomeWork38.csproj", "{AA78C06C-E1D3-4377-84FA-911928879882}"
EndProject
Project("{9A19103F-16F7-4668-BE54-9A1E7A4F7556}") = "Lesson6.HomeWork41", "Lesson6.HomeWork41\Lesson6.HomeWork41.csproj", "{F18597F4-01B9-4B99-803D-4DB405A6B804}"
EndProject
Project("{9A19103F-16F7-4668-BE54-9A1E7A4F7556}") = "Lesson6.HomeWork43", "Lesson6.HomeWork43\Lesson6.HomeWork43.csproj", "{BEF80AF4-76D3-4938-87F4-9B98FC9A969C}"
EndProject
Project("{9A19103F-16F7-4668-BE54-9A1E7A4F7556}") = "Lesson7.HomeWork47", "Lesson7.HomeWork47\Lesson7.HomeWork47.csproj", "{8CDA204F-6981-47AA-B95F-18766CFE2F70}"
EndProject
Project("{9A19103F-16F7-4668-BE54-9A1E7A4F7556}") = "Lesson7.HomeWork50", "Lesson7.HomeWork50\Lesson7.HomeWork50.csproj", "{CE238C01-167D-4C70-AC60-77E2F55C6FCA}"
EndProject
Project("{9A19103F-16F7-4668-BE54-9A1E7A4F7556}") = "Lesson7.HomeWork52", "Lesson7.HomeWork52\Lesson7.HomeWork52.csproj", "{2CC0541B-852F-466A-BAC6-1F2410EC9032}"
EndProject
Project("{9A19103F-16F7-4668-BE54-9A1E7A4F7556}") = "MyScripts", "MyScripts\MyScripts.csproj", "{79CA2B8B-94CE-401A-B48B-06B7776421D1}"
EndProject
Project("{9A19103F-16F7-4668-BE54-9A1E7A4F7556}") = "ConsoleApp1", "ConsoleApp1\ConsoleApp1.csproj", "{78C6F7A2-E977-486A-AA4A-CB590BCBB94A}"
EndProject
Project("{9A19103F-16F7-4668-BE54-9A1E7A4F7556}") = "Lesson8.HomeWork54", "Lesson8.HomeWork54\Lesson8.HomeWork54.csproj", "{513DBCC6-6547-4DD9-9E25-67B2BA003623}"
EndProject
Project("{FAE04EC0-301F-11D3-BF4B-00C04F79EFBC}") = "Lesson8.HomeWork56", "Lesson8.HomeWork56\Lesson8.HomeWork56.csproj", "{27D71A7A-D021-4F9B-9272-AE3202D13920}"
EndProject
Project("{FAE04EC0-301F-11D3-BF4B-00C04F79EFBC}") = "Lesson8.HomeWork58", "Lesson8.HomeWork58\Lesson8.HomeWork58.csproj", "{1F254142-F5C5-4BBC-9292-1C2F17C27A81}"
EndProject
Global
	GlobalSection(SolutionConfigurationPlatforms) = preSolution
		Debug|Any CPU = Debug|Any CPU
		Release|Any CPU = Release|Any CPU
	EndGlobalSection
	GlobalSection(ProjectConfigurationPlatforms) = postSolution
		{AA59DC30-832F-4460-8455-6B643886C73E}.Debug|Any CPU.ActiveCfg = Debug|Any CPU
		{AA59DC30-832F-4460-8455-6B643886C73E}.Debug|Any CPU.Build.0 = Debug|Any CPU
		{AA59DC30-832F-4460-8455-6B643886C73E}.Release|Any CPU.ActiveCfg = Release|Any CPU
		{AA59DC30-832F-4460-8455-6B643886C73E}.Release|Any CPU.Build.0 = Release|Any CPU
		{DE4C3A7C-568D-436D-B4B1-9CE142EB0EF7}.Debug|Any CPU.ActiveCfg = Debug|Any CPU
		{DE4C3A7C-568D-436D-B4B1-9CE142EB0EF7}.Debug|Any CPU.Build.0 = Debug|Any CPU
		{DE4C3A7C-568D-436D-B4B1-9CE142EB0EF7}.Release|Any CPU.ActiveCfg = Release|Any CPU
		{DE4C3A7C-568D-436D-B4B1-9CE142EB0EF7}.Release|Any CPU.Build.0 = Release|Any CPU
		{AA78C06C-E1D3-4377-84FA-911928879882}.Debug|Any CPU.ActiveCfg = Debug|Any CPU
		{AA78C06C-E1D3-4377-84FA-911928879882}.Debug|Any CPU.Build.0 = Debug|Any CPU
		{AA78C06C-E1D3-4377-84FA-911928879882}.Release|Any CPU.ActiveCfg = Release|Any CPU
		{AA78C06C-E1D3-4377-84FA-911928879882}.Release|Any CPU.Build.0 = Release|Any CPU
		{F18597F4-01B9-4B99-803D-4DB405A6B804}.Debug|Any CPU.ActiveCfg = Debug|Any CPU
		{F18597F4-01B9-4B99-803D-4DB405A6B804}.Debug|Any CPU.Build.0 = Debug|Any CPU
		{F18597F4-01B9-4B99-803D-4DB405A6B804}.Release|Any CPU.ActiveCfg = Release|Any CPU
		{F18597F4-01B9-4B99-803D-4DB405A6B804}.Release|Any CPU.Build.0 = Release|Any CPU
		{BEF80AF4-76D3-4938-87F4-9B98FC9A969C}.Debug|Any CPU.ActiveCfg = Debug|Any CPU
		{BEF80AF4-76D3-4938-87F4-9B98FC9A969C}.Debug|Any CPU.Build.0 = Debug|Any CPU
		{BEF80AF4-76D3-4938-87F4-9B98FC9A969C}.Release|Any CPU.ActiveCfg = Release|Any CPU
		{BEF80AF4-76D3-4938-87F4-9B98FC9A969C}.Release|Any CPU.Build.0 = Release|Any CPU
		{8CDA204F-6981-47AA-B95F-18766CFE2F70}.Debug|Any CPU.ActiveCfg = Debug|Any CPU
		{8CDA204F-6981-47AA-B95F-18766CFE2F70}.Debug|Any CPU.Build.0 = Debug|Any CPU
		{8CDA204F-6981-47AA-B95F-18766CFE2F70}.Release|Any CPU.ActiveCfg = Release|Any CPU
		{8CDA204F-6981-47AA-B95F-18766CFE2F70}.Release|Any CPU.Build.0 = Release|Any CPU
		{CE238C01-167D-4C70-AC60-77E2F55C6FCA}.Debug|Any CPU.ActiveCfg = Debug|Any CPU
		{CE238C01-167D-4C70-AC60-77E2F55C6FCA}.Debug|Any CPU.Build.0 = Debug|Any CPU
		{CE238C01-167D-4C70-AC60-77E2F55C6FCA}.Release|Any CPU.ActiveCfg = Release|Any CPU
		{CE238C01-167D-4C70-AC60-77E2F55C6FCA}.Release|Any CPU.Build.0 = Release|Any CPU
		{2CC0541B-852F-466A-BAC6-1F2410EC9032}.Debug|Any CPU.ActiveCfg = Debug|Any CPU
		{2CC0541B-852F-466A-BAC6-1F2410EC9032}.Debug|Any CPU.Build.0 = Debug|Any CPU
		{2CC0541B-852F-466A-BAC6-1F2410EC9032}.Release|Any CPU.ActiveCfg = Release|Any CPU
		{2CC0541B-852F-466A-BAC6-1F2410EC9032}.Release|Any CPU.Build.0 = Release|Any CPU
		{79CA2B8B-94CE-401A-B48B-06B7776421D1}.Debug|Any CPU.ActiveCfg = Debug|Any CPU
		{79CA2B8B-94CE-401A-B48B-06B7776421D1}.Debug|Any CPU.Build.0 = Debug|Any CPU
		{79CA2B8B-94CE-401A-B48B-06B7776421D1}.Release|Any CPU.ActiveCfg = Release|Any CPU
		{79CA2B8B-94CE-401A-B48B-06B7776421D1}.Release|Any CPU.Build.0 = Release|Any CPU
		{78C6F7A2-E977-486A-AA4A-CB590BCBB94A}.Debug|Any CPU.ActiveCfg = Debug|Any CPU
		{78C6F7A2-E977-486A-AA4A-CB590BCBB94A}.Debug|Any CPU.Build.0 = Debug|Any CPU
		{78C6F7A2-E977-486A-AA4A-CB590BCBB94A}.Release|Any CPU.ActiveCfg = Release|Any CPU
		{78C6F7A2-E977-486A-AA4A-CB590BCBB94A}.Release|Any CPU.Build.0 = Release|Any CPU
		{513DBCC6-6547-4DD9-9E25-67B2BA003623}.Debug|Any CPU.ActiveCfg = Debug|Any CPU
		{513DBCC6-6547-4DD9-9E25-67B2BA003623}.Debug|Any CPU.Build.0 = Debug|Any CPU
		{513DBCC6-6547-4DD9-9E25-67B2BA003623}.Release|Any CPU.ActiveCfg = Release|Any CPU
		{513DBCC6-6547-4DD9-9E25-67B2BA003623}.Release|Any CPU.Build.0 = Release|Any CPU
		{27D71A7A-D021-4F9B-9272-AE3202D13920}.Debug|Any CPU.ActiveCfg = Debug|Any CPU
		{27D71A7A-D021-4F9B-9272-AE3202D13920}.Debug|Any CPU.Build.0 = Debug|Any CPU
		{27D71A7A-D021-4F9B-9272-AE3202D13920}.Release|Any CPU.ActiveCfg = Release|Any CPU
		{27D71A7A-D021-4F9B-9272-AE3202D13920}.Release|Any CPU.Build.0 = Release|Any CPU
		{1F254142-F5C5-4BBC-9292-1C2F17C27A81}.Debug|Any CPU.ActiveCfg = Debug|Any CPU
		{1F254142-F5C5-4BBC-9292-1C2F17C27A81}.Debug|Any CPU.Build.0 = Debug|Any CPU
		{1F254142-F5C5-4BBC-9292-1C2F17C27A81}.Release|Any CPU.ActiveCfg = Release|Any CPU
		{1F254142-F5C5-4BBC-9292-1C2F17C27A81}.Release|Any CPU.Build.0 = Release|Any CPU
	EndGlobalSection
	GlobalSection(SolutionProperties) = preSolution
		HideSolutionNode = FALSE
	EndGlobalSection
	GlobalSection(ExtensibilityGlobals) = postSolution
		SolutionGuid = {F8930C95-C873-484D-8BDF-C1932A52FE47}
	EndGlobalSection
EndGlobal
